
Microsoft Visual Studio Solution File, Format Version 12.00
# Visual Studio Version 17
VisualStudioVersion = 17.5.33530.505
MinimumVisualStudioVersion = 10.0.40219.1
Project("{FAE04EC0-301F-11D3-BF4B-00C04F79EFBC}") = "Mensageria RabbitMQ", "Mensageria RabbitMQ\Mensageria RabbitMQ.csproj", "{73B17E93-8392-4BE9-BBD3-D69868652F2B}"
EndProject
Global
	GlobalSection(SolutionConfigurationPlatforms) = preSolution
		Debug|Any CPU = Debug|Any CPU
		Release|Any CPU = Release|Any CPU
	EndGlobalSection
	GlobalSection(ProjectConfigurationPlatforms) = postSolution
		{73B17E93-8392-4BE9-BBD3-D69868652F2B}.Debug|Any CPU.ActiveCfg = Debug|Any CPU
		{73B17E93-8392-4BE9-BBD3-D69868652F2B}.Debug|Any CPU.Build.0 = Debug|Any CPU
		{73B17E93-8392-4BE9-BBD3-D69868652F2B}.Release|Any CPU.ActiveCfg = Release|Any CPU
		{73B17E93-8392-4BE9-BBD3-D69868652F2B}.Release|Any CPU.Build.0 = Release|Any CPU
	EndGlobalSection
	GlobalSection(SolutionProperties) = preSolution
		HideSolutionNode = FALSE
	EndGlobalSection
	GlobalSection(ExtensibilityGlobals) = postSolution
		SolutionGuid = {4B88E586-2FD6-49FF-9BDF-FDEBDFE6F8A9}
	EndGlobalSection
EndGlobal
